
Microsoft Visual Studio Solution File, Format Version 12.00
# Visual Studio Version 16
VisualStudioVersion = 16.0.30717.126
MinimumVisualStudioVersion = 10.0.40219.1
Project("{FAE04EC0-301F-11D3-BF4B-00C04F79EFBC}") = "ProBus", "ProBus\ProBus.csproj", "{B0A77160-364B-46BD-84E3-697290A2717A}"
EndProject
Global
	GlobalSection(SolutionConfigurationPlatforms) = preSolution
		Debug|Any CPU = Debug|Any CPU
		Release|Any CPU = Release|Any CPU
	EndGlobalSection
	GlobalSection(ProjectConfigurationPlatforms) = postSolution
		{B0A77160-364B-46BD-84E3-697290A2717A}.Debug|Any CPU.ActiveCfg = Debug|Any CPU
		{B0A77160-364B-46BD-84E3-697290A2717A}.Debug|Any CPU.Build.0 = Debug|Any CPU
		{B0A77160-364B-46BD-84E3-697290A2717A}.Release|Any CPU.ActiveCfg = Release|Any CPU
		{B0A77160-364B-46BD-84E3-697290A2717A}.Release|Any CPU.Build.0 = Release|Any CPU
	EndGlobalSection
	GlobalSection(SolutionProperties) = preSolution
		HideSolutionNode = FALSE
	EndGlobalSection
	GlobalSection(ExtensibilityGlobals) = postSolution
		SolutionGuid = {AA2A7ABD-CF54-4E47-A89F-CE9DD89F561B}
	EndGlobalSection
EndGlobal
